
Microsoft Visual Studio Solution File, Format Version 12.00
# Visual Studio Version 17
VisualStudioVersion = 17.0.31903.59
MinimumVisualStudioVersion = 10.0.40219.1
Project("{FAE04EC0-301F-11D3-BF4B-00C04F79EFBC}") = "LoanApi.Api", "LoanApi.Api\LoanApi.Api.csproj", "{5DF365E6-A51C-469A-8FC9-2B25DE9A8AF1}"
EndProject
Project("{FAE04EC0-301F-11D3-BF4B-00C04F79EFBC}") = "LoanApi.Tests", "LoanApi.Tests\LoanApi.Tests.csproj", "{BDFA4798-19CE-4F9B-BFEA-0411FCC18C3E}"
EndProject
Global
	GlobalSection(SolutionConfigurationPlatforms) = preSolution
		Debug|Any CPU = Debug|Any CPU
		Release|Any CPU = Release|Any CPU
	EndGlobalSection
	GlobalSection(SolutionProperties) = preSolution
		HideSolutionNode = FALSE
	EndGlobalSection
	GlobalSection(ProjectConfigurationPlatforms) = postSolution
		{5DF365E6-A51C-469A-8FC9-2B25DE9A8AF1}.Debug|Any CPU.ActiveCfg = Debug|Any CPU
		{5DF365E6-A51C-469A-8FC9-2B25DE9A8AF1}.Debug|Any CPU.Build.0 = Debug|Any CPU
		{5DF365E6-A51C-469A-8FC9-2B25DE9A8AF1}.Release|Any CPU.ActiveCfg = Release|Any CPU
		{5DF365E6-A51C-469A-8FC9-2B25DE9A8AF1}.Release|Any CPU.Build.0 = Release|Any CPU
		{BDFA4798-19CE-4F9B-BFEA-0411FCC18C3E}.Debug|Any CPU.ActiveCfg = Debug|Any CPU
		{BDFA4798-19CE-4F9B-BFEA-0411FCC18C3E}.Debug|Any CPU.Build.0 = Debug|Any CPU
		{BDFA4798-19CE-4F9B-BFEA-0411FCC18C3E}.Release|Any CPU.ActiveCfg = Release|Any CPU
		{BDFA4798-19CE-4F9B-BFEA-0411FCC18C3E}.Release|Any CPU.Build.0 = Release|Any CPU
	EndGlobalSection
EndGlobal
